
Microsoft Visual Studio Solution File, Format Version 12.00
# Visual Studio Version 16
VisualStudioVersion = 16.0.31321.278
MinimumVisualStudioVersion = 10.0.40219.1
Project("{9A19103F-16F7-4668-BE54-9A1E7A4F7556}") = "GitBay3.Server", "GitBay3.Server\GitBay3.Server.csproj", "{ACA1D065-F74D-4E3D-9915-0615C150DD17}"
EndProject
Project("{9A19103F-16F7-4668-BE54-9A1E7A4F7556}") = "GitBay3.Client", "GitBay3.Client\GitBay3.Client.csproj", "{ABDC82B0-B165-408B-8F87-CDE1CF480A73}"
EndProject
Project("{9A19103F-16F7-4668-BE54-9A1E7A4F7556}") = "GitBay3.Server.Data", "GitBay3.Server.Data\GitBay3.Server.Data.csproj", "{D4BC9A12-750B-4DEA-8663-4522272F1B20}"
EndProject
Project("{9A19103F-16F7-4668-BE54-9A1E7A4F7556}") = "GitBay3.Server.Logic", "GitBay3.Server.Logic\GitBay3.Server.Logic.csproj", "{9ECC8C31-37B5-4F27-AD02-013D921F0B0F}"
EndProject
Project("{9A19103F-16F7-4668-BE54-9A1E7A4F7556}") = "GitBay3.Client.Data", "GitBay3.Client.Data\GitBay3.Client.Data.csproj", "{9BADE064-D117-4ACC-95B9-2A5BF89F82DE}"
EndProject
Project("{9A19103F-16F7-4668-BE54-9A1E7A4F7556}") = "GitBay3.Client.Logic", "GitBay3.Client.Logic\GitBay3.Client.Logic.csproj", "{31C59ABB-F7B7-4904-93F6-AF91FFC50048}"
EndProject
Project("{9A19103F-16F7-4668-BE54-9A1E7A4F7556}") = "GitBay3.Common", "GitBay3.Common\GitBay3.Common.csproj", "{0C681232-6564-49E1-97B2-CDD98F3E9286}"
EndProject
Project("{9A19103F-16F7-4668-BE54-9A1E7A4F7556}") = "GitBay3.Server.Logic.Tests", "GitBay3.Server.Logic.Tests\GitBay3.Server.Logic.Tests.csproj", "{B81E9D1E-28C3-4558-BB53-86C6412B1A7C}"
EndProject
Global
	GlobalSection(SolutionConfigurationPlatforms) = preSolution
		Debug|Any CPU = Debug|Any CPU
		Release|Any CPU = Release|Any CPU
	EndGlobalSection
	GlobalSection(ProjectConfigurationPlatforms) = postSolution
		{ACA1D065-F74D-4E3D-9915-0615C150DD17}.Debug|Any CPU.ActiveCfg = Debug|Any CPU
		{ACA1D065-F74D-4E3D-9915-0615C150DD17}.Debug|Any CPU.Build.0 = Debug|Any CPU
		{ACA1D065-F74D-4E3D-9915-0615C150DD17}.Release|Any CPU.ActiveCfg = Release|Any CPU
		{ACA1D065-F74D-4E3D-9915-0615C150DD17}.Release|Any CPU.Build.0 = Release|Any CPU
		{ABDC82B0-B165-408B-8F87-CDE1CF480A73}.Debug|Any CPU.ActiveCfg = Debug|Any CPU
		{ABDC82B0-B165-408B-8F87-CDE1CF480A73}.Debug|Any CPU.Build.0 = Debug|Any CPU
		{ABDC82B0-B165-408B-8F87-CDE1CF480A73}.Release|Any CPU.ActiveCfg = Release|Any CPU
		{ABDC82B0-B165-408B-8F87-CDE1CF480A73}.Release|Any CPU.Build.0 = Release|Any CPU
		{D4BC9A12-750B-4DEA-8663-4522272F1B20}.Debug|Any CPU.ActiveCfg = Debug|Any CPU
		{D4BC9A12-750B-4DEA-8663-4522272F1B20}.Debug|Any CPU.Build.0 = Debug|Any CPU
		{D4BC9A12-750B-4DEA-8663-4522272F1B20}.Release|Any CPU.ActiveCfg = Release|Any CPU
		{D4BC9A12-750B-4DEA-8663-4522272F1B20}.Release|Any CPU.Build.0 = Release|Any CPU
		{9ECC8C31-37B5-4F27-AD02-013D921F0B0F}.Debug|Any CPU.ActiveCfg = Debug|Any CPU
		{9ECC8C31-37B5-4F27-AD02-013D921F0B0F}.Debug|Any CPU.Build.0 = Debug|Any CPU
		{9ECC8C31-37B5-4F27-AD02-013D921F0B0F}.Release|Any CPU.ActiveCfg = Release|Any CPU
		{9ECC8C31-37B5-4F27-AD02-013D921F0B0F}.Release|Any CPU.Build.0 = Release|Any CPU
		{9BADE064-D117-4ACC-95B9-2A5BF89F82DE}.Debug|Any CPU.ActiveCfg = Debug|Any CPU
		{9BADE064-D117-4ACC-95B9-2A5BF89F82DE}.Debug|Any CPU.Build.0 = Debug|Any CPU
		{9BADE064-D117-4ACC-95B9-2A5BF89F82DE}.Release|Any CPU.ActiveCfg = Release|Any CPU
		{9BADE064-D117-4ACC-95B9-2A5BF89F82DE}.Release|Any CPU.Build.0 = Release|Any CPU
		{31C59ABB-F7B7-4904-93F6-AF91FFC50048}.Debug|Any CPU.ActiveCfg = Debug|Any CPU
		{31C59ABB-F7B7-4904-93F6-AF91FFC50048}.Debug|Any CPU.Build.0 = Debug|Any CPU
		{31C59ABB-F7B7-4904-93F6-AF91FFC50048}.Release|Any CPU.ActiveCfg = Release|Any CPU
		{31C59ABB-F7B7-4904-93F6-AF91FFC50048}.Release|Any CPU.Build.0 = Release|Any CPU
		{0C681232-6564-49E1-97B2-CDD98F3E9286}.Debug|Any CPU.ActiveCfg = Debug|Any CPU
		{0C681232-6564-49E1-97B2-CDD98F3E9286}.Debug|Any CPU.Build.0 = Debug|Any CPU
		{0C681232-6564-49E1-97B2-CDD98F3E9286}.Release|Any CPU.ActiveCfg = Release|Any CPU
		{0C681232-6564-49E1-97B2-CDD98F3E9286}.Release|Any CPU.Build.0 = Release|Any CPU
		{B81E9D1E-28C3-4558-BB53-86C6412B1A7C}.Debug|Any CPU.ActiveCfg = Debug|Any CPU
		{B81E9D1E-28C3-4558-BB53-86C6412B1A7C}.Debug|Any CPU.Build.0 = Debug|Any CPU
		{B81E9D1E-28C3-4558-BB53-86C6412B1A7C}.Release|Any CPU.ActiveCfg = Release|Any CPU
		{B81E9D1E-28C3-4558-BB53-86C6412B1A7C}.Release|Any CPU.Build.0 = Release|Any CPU
	EndGlobalSection
	GlobalSection(SolutionProperties) = preSolution
		HideSolutionNode = FALSE
	EndGlobalSection
	GlobalSection(ExtensibilityGlobals) = postSolution
		SolutionGuid = {8B08F3B9-85E7-4CE3-82DC-624176BE4680}
	EndGlobalSection
EndGlobal
